<Solution>
  <Folder Name="/gateway/">
    <Project Path="ZM.ApiGateway.Api/ZM.ApiGateway.Api.csproj" />
  </Folder>
  <Folder Name="/services/">
    <Project Path="ZM.Orders.Api/ZM.Orders.Api.csproj" />
    <Project Path="ZM.Payments.Api/ZM.Payments.Api.csproj" />
    <Project Path="ZM.Users.Api/ZM.Users.Api.csproj" />
  </Folder>
  <Project Path="docker-compose.dcproj">
    <Build />
  </Project>
</Solution>
